{
  "originHash" : "388a71eb6911c99f84c329dacbdd760725a42bcd4271d69adba960f4c187428a",
  "pins" : [
    {
      "identity" : "capacitor-swift-pm",
      "kind" : "remoteSourceControl",
      "location" : "https://github.com/ionic-team/capacitor-swift-pm.git",
      "state" : {
        "revision" : "13a39179b3df796f3bb2e70c47ccdd92593f34d2",
        "version" : "8.0.2"
      }
    }
  ],
  "version" : 3
}
